
Microsoft Visual Studio Solution File, Format Version 12.00
# Visual Studio Version 17
VisualStudioVersion = 17.13.35931.197
MinimumVisualStudioVersion = 10.0.40219.1
Project("{FAE04EC0-301F-11D3-BF4B-00C04F79EFBC}") = "DriveOps.Api", "DriveOps\DriveOps.Api.csproj", "{C2152F93-7CE8-4B0A-B9C3-EBC08EDAB65D}"
EndProject
Project("{FAE04EC0-301F-11D3-BF4B-00C04F79EFBC}") = "DriveOps.AppHost", "DriveOps.AppHost\DriveOps.AppHost.csproj", "{20765575-9DB9-41EA-8737-E55989C31869}"
EndProject
Project("{FAE04EC0-301F-11D3-BF4B-00C04F79EFBC}") = "DriveOps.ServiceDefaults", "DriveOps.ServiceDefaults\DriveOps.ServiceDefaults.csproj", "{07351217-2E03-BCE2-68BD-6EB02DC69A9B}"
EndProject
Project("{FAE04EC0-301F-11D3-BF4B-00C04F79EFBC}") = "DriveOps.Services", "DriveOps.Services\DriveOps.Services.csproj", "{45635AB9-2B2B-45C0-A41F-E2CC26CEAFE3}"
EndProject
Project("{FAE04EC0-301F-11D3-BF4B-00C04F79EFBC}") = "DriveOps.Application", "DriveOps.Application\DriveOps.Application.csproj", "{35AF2C00-806F-4707-A9FA-0092ED6F97E5}"
EndProject
Project("{FAE04EC0-301F-11D3-BF4B-00C04F79EFBC}") = "DriveOps.Domain", "DriveOps.Domain\DriveOps.Domain.csproj", "{4FD3701D-0128-4ECA-96E9-892D1A0339DE}"
EndProject
Project("{FAE04EC0-301F-11D3-BF4B-00C04F79EFBC}") = "DriveOps.Infrastructure", "DriveOps.Infrastructure\DriveOps.Infrastructure.csproj", "{154F26C0-84E9-4FDE-B9CF-053119BBF01C}"
EndProject
Global
	GlobalSection(SolutionConfigurationPlatforms) = preSolution
		Debug|Any CPU = Debug|Any CPU
		Release|Any CPU = Release|Any CPU
	EndGlobalSection
	GlobalSection(ProjectConfigurationPlatforms) = postSolution
		{C2152F93-7CE8-4B0A-B9C3-EBC08EDAB65D}.Debug|Any CPU.ActiveCfg = Debug|Any CPU
		{C2152F93-7CE8-4B0A-B9C3-EBC08EDAB65D}.Debug|Any CPU.Build.0 = Debug|Any CPU
		{C2152F93-7CE8-4B0A-B9C3-EBC08EDAB65D}.Release|Any CPU.ActiveCfg = Release|Any CPU
		{C2152F93-7CE8-4B0A-B9C3-EBC08EDAB65D}.Release|Any CPU.Build.0 = Release|Any CPU
		{20765575-9DB9-41EA-8737-E55989C31869}.Debug|Any CPU.ActiveCfg = Debug|Any CPU
		{20765575-9DB9-41EA-8737-E55989C31869}.Debug|Any CPU.Build.0 = Debug|Any CPU
		{20765575-9DB9-41EA-8737-E55989C31869}.Release|Any CPU.ActiveCfg = Release|Any CPU
		{20765575-9DB9-41EA-8737-E55989C31869}.Release|Any CPU.Build.0 = Release|Any CPU
		{07351217-2E03-BCE2-68BD-6EB02DC69A9B}.Debug|Any CPU.ActiveCfg = Debug|Any CPU
		{07351217-2E03-BCE2-68BD-6EB02DC69A9B}.Debug|Any CPU.Build.0 = Debug|Any CPU
		{07351217-2E03-BCE2-68BD-6EB02DC69A9B}.Release|Any CPU.ActiveCfg = Release|Any CPU
		{07351217-2E03-BCE2-68BD-6EB02DC69A9B}.Release|Any CPU.Build.0 = Release|Any CPU
		{45635AB9-2B2B-45C0-A41F-E2CC26CEAFE3}.Debug|Any CPU.ActiveCfg = Debug|Any CPU
		{45635AB9-2B2B-45C0-A41F-E2CC26CEAFE3}.Debug|Any CPU.Build.0 = Debug|Any CPU
		{45635AB9-2B2B-45C0-A41F-E2CC26CEAFE3}.Release|Any CPU.ActiveCfg = Release|Any CPU
		{45635AB9-2B2B-45C0-A41F-E2CC26CEAFE3}.Release|Any CPU.Build.0 = Release|Any CPU
		{35AF2C00-806F-4707-A9FA-0092ED6F97E5}.Debug|Any CPU.ActiveCfg = Debug|Any CPU
		{35AF2C00-806F-4707-A9FA-0092ED6F97E5}.Debug|Any CPU.Build.0 = Debug|Any CPU
		{35AF2C00-806F-4707-A9FA-0092ED6F97E5}.Release|Any CPU.ActiveCfg = Release|Any CPU
		{35AF2C00-806F-4707-A9FA-0092ED6F97E5}.Release|Any CPU.Build.0 = Release|Any CPU
		{4FD3701D-0128-4ECA-96E9-892D1A0339DE}.Debug|Any CPU.ActiveCfg = Debug|Any CPU
		{4FD3701D-0128-4ECA-96E9-892D1A0339DE}.Debug|Any CPU.Build.0 = Debug|Any CPU
		{4FD3701D-0128-4ECA-96E9-892D1A0339DE}.Release|Any CPU.ActiveCfg = Release|Any CPU
		{4FD3701D-0128-4ECA-96E9-892D1A0339DE}.Release|Any CPU.Build.0 = Release|Any CPU
		{154F26C0-84E9-4FDE-B9CF-053119BBF01C}.Debug|Any CPU.ActiveCfg = Debug|Any CPU
		{154F26C0-84E9-4FDE-B9CF-053119BBF01C}.Debug|Any CPU.Build.0 = Debug|Any CPU
		{154F26C0-84E9-4FDE-B9CF-053119BBF01C}.Release|Any CPU.ActiveCfg = Release|Any CPU
		{154F26C0-84E9-4FDE-B9CF-053119BBF01C}.Release|Any CPU.Build.0 = Release|Any CPU
	EndGlobalSection
	GlobalSection(SolutionProperties) = preSolution
		HideSolutionNode = FALSE
	EndGlobalSection
	GlobalSection(ExtensibilityGlobals) = postSolution
		SolutionGuid = {1553B8D0-4B4F-49F3-9D88-AE44A1FA225E}
	EndGlobalSection
EndGlobal
